Microsoft Visual Studio Solution File, Format Version 11.00
# Visual Studio 2008

Project("{3566792D-CE6B-AA63-6107-D21B4CB59118}") = "RickiesRempage", "Assembly-CSharp.csproj", "{917A9C82-D65C-8560-CF77-1EF082667CDC}"
EndProject
Global
	GlobalSection(SolutionConfigurationPlatforms) = preSolution
		Debug|Any CPU = Debug|Any CPU
		Release|Any CPU = Release|Any CPU
	EndGlobalSection
	GlobalSection(ProjectConfigurationPlatforms) = postSolution
		{917A9C82-D65C-8560-CF77-1EF082667CDC}.Debug|Any CPU.ActiveCfg = Debug|Any CPU
		{917A9C82-D65C-8560-CF77-1EF082667CDC}.Debug|Any CPU.Build.0 = Debug|Any CPU
		{917A9C82-D65C-8560-CF77-1EF082667CDC}.Release|Any CPU.ActiveCfg = Release|Any CPU
		{917A9C82-D65C-8560-CF77-1EF082667CDC}.Release|Any CPU.Build.0 = Release|Any CPU
	EndGlobalSection
	GlobalSection(SolutionProperties) = preSolution
		HideSolutionNode = FALSE
	EndGlobalSection
				GlobalSection(MonoDevelopProperties) = preSolution
		StartupItem = Assembly-CSharp.csproj
		Policies = $0
		$0.TextStylePolicy = $1
		$1.inheritsSet = null
		$1.scope = text/x-csharp
		$0.CSharpFormattingPolicy = $2
		$2.inheritsSet = Mono
		$2.inheritsScope = text/x-csharp
		$2.scope = text/x-csharp
		$0.TextStylePolicy = $3
		$3.FileWidth = 120
		$3.TabWidth = 4
		$3.EolMarker = Unix
		$3.inheritsSet = Mono
		$3.inheritsScope = text/plain
		$3.scope = text/plain
	EndGlobalSection

EndGlobal
